
Microsoft Visual Studio Solution File, Format Version 12.00
# Visual Studio Version 17
VisualStudioVersion = 17.10.35027.167
MinimumVisualStudioVersion = 10.0.40219.1
Project("{FAE04EC0-301F-11D3-BF4B-00C04F79EFBC}") = "OpeningHoursFunction", "OpeningHoursFunction\OpeningHoursFunction.csproj", "{34C1D934-CF82-44B2-855B-3B8985BF120E}"
EndProject
Global
	GlobalSection(SolutionConfigurationPlatforms) = preSolution
		Debug|Any CPU = Debug|Any CPU
		Release|Any CPU = Release|Any CPU
	EndGlobalSection
	GlobalSection(ProjectConfigurationPlatforms) = postSolution
		{34C1D934-CF82-44B2-855B-3B8985BF120E}.Debug|Any CPU.ActiveCfg = Debug|Any CPU
		{34C1D934-CF82-44B2-855B-3B8985BF120E}.Debug|Any CPU.Build.0 = Debug|Any CPU
		{34C1D934-CF82-44B2-855B-3B8985BF120E}.Release|Any CPU.ActiveCfg = Release|Any CPU
		{34C1D934-CF82-44B2-855B-3B8985BF120E}.Release|Any CPU.Build.0 = Release|Any CPU
	EndGlobalSection
	GlobalSection(SolutionProperties) = preSolution
		HideSolutionNode = FALSE
	EndGlobalSection
	GlobalSection(ExtensibilityGlobals) = postSolution
		SolutionGuid = {E8AFEF75-BE54-43E0-96AF-C10DD1F2901A}
	EndGlobalSection
EndGlobal
